
Microsoft Visual Studio Solution File, Format Version 12.00
# Visual Studio Version 17
VisualStudioVersion = 17.0.31903.59
MinimumVisualStudioVersion = 10.0.40219.1
Project("{FAE04EC0-301F-11D3-BF4B-00C04F79EFBC}") = "ApiDAT.Domain", "ApiDAT.Domain\ApiDAT.Domain.csproj", "{5E0659CB-8B56-463C-BD21-A1E00029689D}"
EndProject
Project("{FAE04EC0-301F-11D3-BF4B-00C04F79EFBC}") = "ApiDAT.Application", "ApiDAT.Application\ApiDAT.Application.csproj", "{B80314DD-FFFB-4F5E-B0AC-4D4020D56858}"
EndProject
Project("{FAE04EC0-301F-11D3-BF4B-00C04F79EFBC}") = "ApiDAT.Infrastructure", "ApiDAT.Infrastructure\ApiDAT.Infrastructure.csproj", "{BA837B73-F781-4D2B-906D-27EA293C6908}"
EndProject
Project("{FAE04EC0-301F-11D3-BF4B-00C04F79EFBC}") = "ApiDAT.API", "ApiDAT.API\ApiDAT.API.csproj", "{F4103F67-496D-4248-852C-A31523F1B6AE}"
EndProject
Global
	GlobalSection(SolutionConfigurationPlatforms) = preSolution
		Debug|Any CPU = Debug|Any CPU
		Debug|x64 = Debug|x64
		Debug|x86 = Debug|x86
		Release|Any CPU = Release|Any CPU
		Release|x64 = Release|x64
		Release|x86 = Release|x86
	EndGlobalSection
	GlobalSection(ProjectConfigurationPlatforms) = postSolution
		{5E0659CB-8B56-463C-BD21-A1E00029689D}.Debug|Any CPU.ActiveCfg = Debug|Any CPU
		{5E0659CB-8B56-463C-BD21-A1E00029689D}.Debug|Any CPU.Build.0 = Debug|Any CPU
		{5E0659CB-8B56-463C-BD21-A1E00029689D}.Debug|x64.ActiveCfg = Debug|Any CPU
		{5E0659CB-8B56-463C-BD21-A1E00029689D}.Debug|x64.Build.0 = Debug|Any CPU
		{5E0659CB-8B56-463C-BD21-A1E00029689D}.Debug|x86.ActiveCfg = Debug|Any CPU
		{5E0659CB-8B56-463C-BD21-A1E00029689D}.Debug|x86.Build.0 = Debug|Any CPU
		{5E0659CB-8B56-463C-BD21-A1E00029689D}.Release|Any CPU.ActiveCfg = Release|Any CPU
		{5E0659CB-8B56-463C-BD21-A1E00029689D}.Release|Any CPU.Build.0 = Release|Any CPU
		{5E0659CB-8B56-463C-BD21-A1E00029689D}.Release|x64.ActiveCfg = Release|Any CPU
		{5E0659CB-8B56-463C-BD21-A1E00029689D}.Release|x64.Build.0 = Release|Any CPU
		{5E0659CB-8B56-463C-BD21-A1E00029689D}.Release|x86.ActiveCfg = Release|Any CPU
		{5E0659CB-8B56-463C-BD21-A1E00029689D}.Release|x86.Build.0 = Release|Any CPU
		{B80314DD-FFFB-4F5E-B0AC-4D4020D56858}.Debug|Any CPU.ActiveCfg = Debug|Any CPU
		{B80314DD-FFFB-4F5E-B0AC-4D4020D56858}.Debug|Any CPU.Build.0 = Debug|Any CPU
		{B80314DD-FFFB-4F5E-B0AC-4D4020D56858}.Debug|x64.ActiveCfg = Debug|Any CPU
		{B80314DD-FFFB-4F5E-B0AC-4D4020D56858}.Debug|x64.Build.0 = Debug|Any CPU
		{B80314DD-FFFB-4F5E-B0AC-4D4020D56858}.Debug|x86.ActiveCfg = Debug|Any CPU
		{B80314DD-FFFB-4F5E-B0AC-4D4020D56858}.Debug|x86.Build.0 = Debug|Any CPU
		{B80314DD-FFFB-4F5E-B0AC-4D4020D56858}.Release|Any CPU.ActiveCfg = Release|Any CPU
		{B80314DD-FFFB-4F5E-B0AC-4D4020D56858}.Release|Any CPU.Build.0 = Release|Any CPU
		{B80314DD-FFFB-4F5E-B0AC-4D4020D56858}.Release|x64.ActiveCfg = Release|Any CPU
		{B80314DD-FFFB-4F5E-B0AC-4D4020D56858}.Release|x64.Build.0 = Release|Any CPU
		{B80314DD-FFFB-4F5E-B0AC-4D4020D56858}.Release|x86.ActiveCfg = Release|Any CPU
		{B80314DD-FFFB-4F5E-B0AC-4D4020D56858}.Release|x86.Build.0 = Release|Any CPU
		{BA837B73-F781-4D2B-906D-27EA293C6908}.Debug|Any CPU.ActiveCfg = Debug|Any CPU
		{BA837B73-F781-4D2B-906D-27EA293C6908}.Debug|Any CPU.Build.0 = Debug|Any CPU
		{BA837B73-F781-4D2B-906D-27EA293C6908}.Debug|x64.ActiveCfg = Debug|Any CPU
		{BA837B73-F781-4D2B-906D-27EA293C6908}.Debug|x64.Build.0 = Debug|Any CPU
		{BA837B73-F781-4D2B-906D-27EA293C6908}.Debug|x86.ActiveCfg = Debug|Any CPU
		{BA837B73-F781-4D2B-906D-27EA293C6908}.Debug|x86.Build.0 = Debug|Any CPU
		{BA837B73-F781-4D2B-906D-27EA293C6908}.Release|Any CPU.ActiveCfg = Release|Any CPU
		{BA837B73-F781-4D2B-906D-27EA293C6908}.Release|Any CPU.Build.0 = Release|Any CPU
		{BA837B73-F781-4D2B-906D-27EA293C6908}.Release|x64.ActiveCfg = Release|Any CPU
		{BA837B73-F781-4D2B-906D-27EA293C6908}.Release|x64.Build.0 = Release|Any CPU
		{BA837B73-F781-4D2B-906D-27EA293C6908}.Release|x86.ActiveCfg = Release|Any CPU
		{BA837B73-F781-4D2B-906D-27EA293C6908}.Release|x86.Build.0 = Release|Any CPU
		{F4103F67-496D-4248-852C-A31523F1B6AE}.Debug|Any CPU.ActiveCfg = Debug|Any CPU
		{F4103F67-496D-4248-852C-A31523F1B6AE}.Debug|Any CPU.Build.0 = Debug|Any CPU
		{F4103F67-496D-4248-852C-A31523F1B6AE}.Debug|x64.ActiveCfg = Debug|Any CPU
		{F4103F67-496D-4248-852C-A31523F1B6AE}.Debug|x64.Build.0 = Debug|Any CPU
		{F4103F67-496D-4248-852C-A31523F1B6AE}.Debug|x86.ActiveCfg = Debug|Any CPU
		{F4103F67-496D-4248-852C-A31523F1B6AE}.Debug|x86.Build.0 = Debug|Any CPU
		{F4103F67-496D-4248-852C-A31523F1B6AE}.Release|Any CPU.ActiveCfg = Release|Any CPU
		{F4103F67-496D-4248-852C-A31523F1B6AE}.Release|Any CPU.Build.0 = Release|Any CPU
		{F4103F67-496D-4248-852C-A31523F1B6AE}.Release|x64.ActiveCfg = Release|Any CPU
		{F4103F67-496D-4248-852C-A31523F1B6AE}.Release|x64.Build.0 = Release|Any CPU
		{F4103F67-496D-4248-852C-A31523F1B6AE}.Release|x86.ActiveCfg = Release|Any CPU
		{F4103F67-496D-4248-852C-A31523F1B6AE}.Release|x86.Build.0 = Release|Any CPU
	EndGlobalSection
	GlobalSection(SolutionProperties) = preSolution
		HideSolutionNode = FALSE
	EndGlobalSection
EndGlobal
